
Microsoft Visual Studio Solution File, Format Version 12.00
# Visual Studio Version 17
VisualStudioVersion = 17.10.35013.160
MinimumVisualStudioVersion = 10.0.40219.1
Project("{FAE04EC0-301F-11D3-BF4B-00C04F79EFBC}") = "SyoteOmaNimi", "SyoteOmaNimi\SyoteOmaNimi.csproj", "{B2794F2D-CBCD-4065-8D41-BC8F5E27E7FE}"
EndProject
Global
	GlobalSection(SolutionConfigurationPlatforms) = preSolution
		Debug|Any CPU = Debug|Any CPU
		Release|Any CPU = Release|Any CPU
	EndGlobalSection
	GlobalSection(ProjectConfigurationPlatforms) = postSolution
		{B2794F2D-CBCD-4065-8D41-BC8F5E27E7FE}.Debug|Any CPU.ActiveCfg = Debug|Any CPU
		{B2794F2D-CBCD-4065-8D41-BC8F5E27E7FE}.Debug|Any CPU.Build.0 = Debug|Any CPU
		{B2794F2D-CBCD-4065-8D41-BC8F5E27E7FE}.Release|Any CPU.ActiveCfg = Release|Any CPU
		{B2794F2D-CBCD-4065-8D41-BC8F5E27E7FE}.Release|Any CPU.Build.0 = Release|Any CPU
	EndGlobalSection
	GlobalSection(SolutionProperties) = preSolution
		HideSolutionNode = FALSE
	EndGlobalSection
	GlobalSection(ExtensibilityGlobals) = postSolution
		SolutionGuid = {CB82EE85-1238-4ADA-B5A9-F27C7A6FDBA1}
	EndGlobalSection
EndGlobal
